// !$*UTF8*$!
{
	archiveVersion = 1;
	classes = {
	};
	objectVersion = 46;
	objects = {

/* Begin PBXBuildFile section */
		C92ACD441B6E41AB008D0000 /* main.m in Sources */ = {isa = PBXBuildFile; fileRef = C92ACD431B6E41AB008D0000 /* main.m */; };
		C92ACD4A1B6E41AB008D0000 /* ECApplicationSample.xcdatamodeld in Sources */ = {isa = PBXBuildFile; fileRef = C92ACD481B6E41AB008D0000 /* ECApplicationSample.xcdatamodeld */; };
		C92ACD4D1B6E41AB008D0000 /* ViewController.m in Sources */ = {isa = PBXBuildFile; fileRef = C92ACD4C1B6E41AB008D0000 /* ViewController.m */; };
		C92ACD501B6E41AB008D0000 /* Main.storyboard in Resources */ = {isa = PBXBuildFile; fileRef = C92ACD4E1B6E41AB008D0000 /* Main.storyboard */; };
		C92ACD521B6E41AB008D0000 /* Images.xcassets in Resources */ = {isa = PBXBuildFile; fileRef = C92ACD511B6E41AB008D0000 /* Images.xcassets */; };
		C92ACD551B6E41AB008D0000 /* LaunchScreen.xib in Resources */ = {isa = PBXBuildFile; fileRef = C92ACD531B6E41AB008D0000 /* LaunchScreen.xib */; };
		C92ACD611B6E41AC008D0000 /* ECApplicationSampleTests.m in Sources */ = {isa = PBXBuildFile; fileRef = C92ACD601B6E41AC008D0000 /* ECApplicationSampleTests.m */; };
		C92ACD6D1B6E4330008D0000 /* ECAppDelegate.m in Sources */ = {isa = PBXBuildFile; fileRef = C92ACD6C1B6E4330008D0000 /* ECAppDelegate.m */; };
		C92ACD7C1B6E45C2008D0000 /* ECBaseViewController.m in Sources */ = {isa = PBXBuildFile; fileRef = C92ACD7B1B6E45C2008D0000 /* ECBaseViewController.m */; };
		C92ACD851B6E4A04008D0000 /* ECBaseTabBarViewController.m in Sources */ = {isa = PBXBuildFile; fileRef = C92ACD841B6E4A04008D0000 /* ECBaseTabBarViewController.m */; };
		C92ACD881B6E4A73008D0000 /* ECRootViewController.m in Sources */ = {isa = PBXBuildFile; fileRef = C92ACD871B6E4A73008D0000 /* ECRootViewController.m */; };
		C92ACD8D1B6E546F008D0000 /* ECFunctionViewController.m in Sources */ = {isa = PBXBuildFile; fileRef = C92ACD8C1B6E546F008D0000 /* ECFunctionViewController.m */; };
/* End PBXBuildFile section */

/* Begin PBXContainerItemProxy section */
		C92ACD5B1B6E41AC008D0000 /* PBXContainerItemProxy */ = {
			isa = PBXContainerItemProxy;
			containerPortal = C92ACD361B6E41AB008D0000 /* Project object */;
			proxyType = 1;
			remoteGlobalIDString = C92ACD3D1B6E41AB008D0000;
			remoteInfo = ECApplicationSample;
		};
/* End PBXContainerItemProxy section */

/* Begin PBXFileReference section */
		C92ACD3E1B6E41AB008D0000 /* ECApplicationSample.app */ = {isa = PBXFileReference; explicitFileType = wrapper.application; includeInIndex = 0; path = ECApplicationSample.app; sourceTree = BUILT_PRODUCTS_DIR; };
		C92ACD421B6E41AB008D0000 /* Info.plist */ = {isa = PBXFileReference; lastKnownFileType = text.plist.xml; path = Info.plist; sourceTree = "<group>"; };
		C92ACD431B6E41AB008D0000 /* main.m */ = {isa = PBXFileReference; lastKnownFileType = sourcecode.c.objc; path = main.m; sourceTree = "<group>"; };
		C92ACD491B6E41AB008D0000 /* ECApplicationSample.xcdatamodel */ = {isa = PBXFileReference; lastKnownFileType = wrapper.xcdatamodel; path = ECApplicationSample.xcdatamodel; sourceTree = "<group>"; };
		C92ACD4B1B6E41AB008D0000 /* ViewController.h */ = {isa = PBXFileReference; lastKnownFileType = sourcecode.c.h; path = ViewController.h; sourceTree = "<group>"; };
		C92ACD4C1B6E41AB008D0000 /* ViewController.m */ = {isa = PBXFileReference; lastKnownFileType = sourcecode.c.objc; path = ViewController.m; sourceTree = "<group>"; };
		C92ACD4F1B6E41AB008D0000 /* Base */ = {isa = PBXFileReference; lastKnownFileType = file.storyboard; name = Base; path = Base.lproj/Main.storyboard; sourceTree = "<group>"; };
		C92ACD511B6E41AB008D0000 /* Images.xcassets */ = {isa = PBXFileReference; lastKnownFileType = folder.assetcatalog; path = Images.xcassets; sourceTree = "<group>"; };
		C92ACD541B6E41AB008D0000 /* Base */ = {isa = PBXFileReference; lastKnownFileType = file.xib; name = Base; path = Base.lproj/LaunchScreen.xib; sourceTree = "<group>"; };
		C92ACD5A1B6E41AC008D0000 /* ECApplicationSampleTests.xctest */ = {isa = PBXFileReference; explicitFileType = wrapper.cfbundle; includeInIndex = 0; path = ECApplicationSampleTests.xctest; sourceTree = BUILT_PRODUCTS_DIR; };
		C92ACD5F1B6E41AC008D0000 /* Info.plist */ = {isa = PBXFileReference; lastKnownFileType = text.plist.xml; path = Info.plist; sourceTree = "<group>"; };
		C92ACD601B6E41AC008D0000 /* ECApplicationSampleTests.m */ = {isa = PBXFileReference; lastKnownFileType = sourcecode.c.objc; path = ECApplicationSampleTests.m; sourceTree = "<group>"; };
		C92ACD6B1B6E4330008D0000 /* ECAppDelegate.h */ = {isa = PBXFileReference; fileEncoding = 4; lastKnownFileType = sourcecode.c.h; name = ECAppDelegate.h; path = Delegate/ECAppDelegate.h; sourceTree = "<group>"; };
		C92ACD6C1B6E4330008D0000 /* ECAppDelegate.m */ = {isa = PBXFileReference; fileEncoding = 4; lastKnownFileType = sourcecode.c.objc; name = ECAppDelegate.m; path = Delegate/ECAppDelegate.m; sourceTree = "<group>"; };
		C92ACD7A1B6E45C2008D0000 /* ECBaseViewController.h */ = {isa = PBXFileReference; fileEncoding = 4; lastKnownFileType = sourcecode.c.h; path = ECBaseViewController.h; sourceTree = "<group>"; };
		C92ACD7B1B6E45C2008D0000 /* ECBaseViewController.m */ = {isa = PBXFileReference; fileEncoding = 4; lastKnownFileType = sourcecode.c.objc; path = ECBaseViewController.m; sourceTree = "<group>"; };
		C92ACD831B6E4A04008D0000 /* ECBaseTabBarViewController.h */ = {isa = PBXFileReference; fileEncoding = 4; lastKnownFileType = sourcecode.c.h; path = ECBaseTabBarViewController.h; sourceTree = "<group>"; };
		C92ACD841B6E4A04008D0000 /* ECBaseTabBarViewController.m */ = {isa = PBXFileReference; fileEncoding = 4; lastKnownFileType = sourcecode.c.objc; path = ECBaseTabBarViewController.m; sourceTree = "<group>"; };
		C92ACD861B6E4A73008D0000 /* ECRootViewController.h */ = {isa = PBXFileReference; fileEncoding = 4; lastKnownFileType = sourcecode.c.h; path = ECRootViewController.h; sourceTree = "<group>"; };
		C92ACD871B6E4A73008D0000 /* ECRootViewController.m */ = {isa = PBXFileReference; fileEncoding = 4; lastKnownFileType = sourcecode.c.objc; path = ECRootViewController.m; sourceTree = "<group>"; };
		C92ACD8B1B6E546F008D0000 /* ECFunctionViewController.h */ = {isa = PBXFileReference; fileEncoding = 4; lastKnownFileType = sourcecode.c.h; path = ECFunctionViewController.h; sourceTree = "<group>"; };
		C92ACD8C1B6E546F008D0000 /* ECFunctionViewController.m */ = {isa = PBXFileReference; fileEncoding = 4; lastKnownFileType = sourcecode.c.objc; path = ECFunctionViewController.m; sourceTree = "<group>"; };
/* End PBXFileReference section */

/* Begin PBXFrameworksBuildPhase section */
		C92ACD3B1B6E41AB008D0000 /* Frameworks */ = {
			isa = PBXFrameworksBuildPhase;
			buildActionMask = 2147483647;
			files = (
			);
			runOnlyForDeploymentPostprocessing = 0;
		};
		C92ACD571B6E41AC008D0000 /* Frameworks */ = {
			isa = PBXFrameworksBuildPhase;
			buildActionMask = 2147483647;
			files = (
			);
			runOnlyForDeploymentPostprocessing = 0;
		};
/* End PBXFrameworksBuildPhase section */

/* Begin PBXGroup section */
		C92ACD351B6E41AB008D0000 = {
			isa = PBXGroup;
			children = (
				C92ACD401B6E41AB008D0000 /* ECApplicationSample */,
				C92ACD5D1B6E41AC008D0000 /* ECApplicationSampleTests */,
				C92ACD3F1B6E41AB008D0000 /* Products */,
			);
			sourceTree = "<group>";
		};
		C92ACD3F1B6E41AB008D0000 /* Products */ = {
			isa = PBXGroup;
			children = (
				C92ACD3E1B6E41AB008D0000 /* ECApplicationSample.app */,
				C92ACD5A1B6E41AC008D0000 /* ECApplicationSampleTests.xctest */,
			);
			name = Products;
			sourceTree = "<group>";
		};
		C92ACD401B6E41AB008D0000 /* ECApplicationSample */ = {
			isa = PBXGroup;
			children = (
				C92ACD7D1B6E474C008D0000 /* Sections */,
				C92ACD721B6E4509008D0000 /* General */,
				C92ACD701B6E43B9008D0000 /* Utils */,
				C92ACD711B6E43B9008D0000 /* Vendors */,
				C92ACD6A1B6E42F9008D0000 /* Delagate */,
				C92ACD4B1B6E41AB008D0000 /* ViewController.h */,
				C92ACD4C1B6E41AB008D0000 /* ViewController.m */,
				C92ACD4E1B6E41AB008D0000 /* Main.storyboard */,
				C92ACD511B6E41AB008D0000 /* Images.xcassets */,
				C92ACD531B6E41AB008D0000 /* LaunchScreen.xib */,
				C92ACD481B6E41AB008D0000 /* ECApplicationSample.xcdatamodeld */,
				C92ACD411B6E41AB008D0000 /* Supporting Files */,
			);
			path = ECApplicationSample;
			sourceTree = "<group>";
		};
		C92ACD411B6E41AB008D0000 /* Supporting Files */ = {
			isa = PBXGroup;
			children = (
				C92ACD421B6E41AB008D0000 /* Info.plist */,
				C92ACD431B6E41AB008D0000 /* main.m */,
			);
			name = "Supporting Files";
			sourceTree = "<group>";
		};
		C92ACD5D1B6E41AC008D0000 /* ECApplicationSampleTests */ = {
			isa = PBXGroup;
			children = (
				C92ACD601B6E41AC008D0000 /* ECApplicationSampleTests.m */,
				C92ACD5E1B6E41AC008D0000 /* Supporting Files */,
			);
			path = ECApplicationSampleTests;
			sourceTree = "<group>";
		};
		C92ACD5E1B6E41AC008D0000 /* Supporting Files */ = {
			isa = PBXGroup;
			children = (
				C92ACD5F1B6E41AC008D0000 /* Info.plist */,
			);
			name = "Supporting Files";
			sourceTree = "<group>";
		};
		C92ACD6A1B6E42F9008D0000 /* Delagate */ = {
			isa = PBXGroup;
			children = (
				C92ACD6B1B6E4330008D0000 /* ECAppDelegate.h */,
				C92ACD6C1B6E4330008D0000 /* ECAppDelegate.m */,
			);
			name = Delagate;
			sourceTree = "<group>";
		};
		C92ACD701B6E43B9008D0000 /* Utils */ = {
			isa = PBXGroup;
			children = (
			);
			path = Utils;
			sourceTree = "<group>";
		};
		C92ACD711B6E43B9008D0000 /* Vendors */ = {
			isa = PBXGroup;
			children = (
			);
			path = Vendors;
			sourceTree = "<group>";
		};
		C92ACD721B6E4509008D0000 /* General */ = {
			isa = PBXGroup;
			children = (
				C92ACD891B6E521B008D0000 /* Categories */,
				C92ACD8A1B6E521B008D0000 /* Cells */,
				C92ACD791B6E45C2008D0000 /* Classes */,
			);
			name = General;
			sourceTree = "<group>";
		};
		C92ACD791B6E45C2008D0000 /* Classes */ = {
			isa = PBXGroup;
			children = (
				C92ACD7A1B6E45C2008D0000 /* ECBaseViewController.h */,
				C92ACD7B1B6E45C2008D0000 /* ECBaseViewController.m */,
				C92ACD831B6E4A04008D0000 /* ECBaseTabBarViewController.h */,
				C92ACD841B6E4A04008D0000 /* ECBaseTabBarViewController.m */,
			);
			name = Classes;
			path = General/Classes;
			sourceTree = "<group>";
		};
		C92ACD7D1B6E474C008D0000 /* Sections */ = {
			isa = PBXGroup;
			children = (
				C92ACD7E1B6E49A2008D0000 /* ECFunctionViewController */,
				C92ACD7F1B6E49A2008D0000 /* ECOperationViewController */,
				C92ACD801B6E49A2008D0000 /* ECRootViewController */,
				C92ACD811B6E49A2008D0000 /* ECSettingViewController */,
				C92ACD821B6E49A2008D0000 /* ECTabBarViewController */,
			);
			path = Sections;
			sourceTree = "<group>";
		};
		C92ACD7E1B6E49A2008D0000 /* ECFunctionViewController */ = {
			isa = PBXGroup;
			children = (
				C92ACD8B1B6E546F008D0000 /* ECFunctionViewController.h */,
				C92ACD8C1B6E546F008D0000 /* ECFunctionViewController.m */,
			);
			path = ECFunctionViewController;
			sourceTree = "<group>";
		};
		C92ACD7F1B6E49A2008D0000 /* ECOperationViewController */ = {
			isa = PBXGroup;
			children = (
			);
			path = ECOperationViewController;
			sourceTree = "<group>";
		};
		C92ACD801B6E49A2008D0000 /* ECRootViewController */ = {
			isa = PBXGroup;
			children = (
				C92ACD861B6E4A73008D0000 /* ECRootViewController.h */,
				C92ACD871B6E4A73008D0000 /* ECRootViewController.m */,
			);
			path = ECRootViewController;
			sourceTree = "<group>";
		};
		C92ACD811B6E49A2008D0000 /* ECSettingViewController */ = {
			isa = PBXGroup;
			children = (
			);
			path = ECSettingViewController;
			sourceTree = "<group>";
		};
		C92ACD821B6E49A2008D0000 /* ECTabBarViewController */ = {
			isa = PBXGroup;
			children = (
			);
			path = ECTabBarViewController;
			sourceTree = "<group>";
		};
		C92ACD891B6E521B008D0000 /* Categories */ = {
			isa = PBXGroup;
			children = (
			);
			name = Categories;
			path = General/Categories;
			sourceTree = "<group>";
		};
		C92ACD8A1B6E521B008D0000 /* Cells */ = {
			isa = PBXGroup;
			children = (
			);
			name = Cells;
			path = General/Cells;
			sourceTree = "<group>";
		};
/* End PBXGroup section */

/* Begin PBXNativeTarget section */
		C92ACD3D1B6E41AB008D0000 /* ECApplicationSample */ = {
			isa = PBXNativeTarget;
			buildConfigurationList = C92ACD641B6E41AC008D0000 /* Build configuration list for PBXNativeTarget "ECApplicationSample" */;
			buildPhases = (
				C92ACD3A1B6E41AB008D0000 /* Sources */,
				C92ACD3B1B6E41AB008D0000 /* Frameworks */,
				C92ACD3C1B6E41AB008D0000 /* Resources */,
			);
			buildRules = (
			);
			dependencies = (
			);
			name = ECApplicationSample;
			productName = ECApplicationSample;
			productReference = C92ACD3E1B6E41AB008D0000 /* ECApplicationSample.app */;
			productType = "com.apple.product-type.application";
		};
		C92ACD591B6E41AC008D0000 /* ECApplicationSampleTests */ = {
			isa = PBXNativeTarget;
			buildConfigurationList = C92ACD671B6E41AC008D0000 /* Build configuration list for PBXNativeTarget "ECApplicationSampleTests" */;
			buildPhases = (
				C92ACD561B6E41AC008D0000 /* Sources */,
				C92ACD571B6E41AC008D0000 /* Frameworks */,
				C92ACD581B6E41AC008D0000 /* Resources */,
			);
			buildRules = (
			);
			dependencies = (
				C92ACD5C1B6E41AC008D0000 /* PBXTargetDependency */,
			);
			name = ECApplicationSampleTests;
			productName = ECApplicationSampleTests;
			productReference = C92ACD5A1B6E41AC008D0000 /* ECApplicationSampleTests.xctest */;
			productType = "com.apple.product-type.bundle.unit-test";
		};
/* End PBXNativeTarget section */

/* Begin PBXProject section */
		C92ACD361B6E41AB008D0000 /* Project object */ = {
			isa = PBXProject;
			attributes = {
				LastUpgradeCheck = 0640;
				ORGANIZATIONNAME = "EasyCoding & Play4Fun";
				TargetAttributes = {
					C92ACD3D1B6E41AB008D0000 = {
						CreatedOnToolsVersion = 6.4;
					};
					C92ACD591B6E41AC008D0000 = {
						CreatedOnToolsVersion = 6.4;
						TestTargetID = C92ACD3D1B6E41AB008D0000;
					};
				};
			};
			buildConfigurationList = C92ACD391B6E41AB008D0000 /* Build configuration list for PBXProject "ECApplicationSample" */;
			compatibilityVersion = "Xcode 3.2";
			developmentRegion = English;
			hasScannedForEncodings = 0;
			knownRegions = (
				en,
				Base,
			);
			mainGroup = C92ACD351B6E41AB008D0000;
			productRefGroup = C92ACD3F1B6E41AB008D0000 /* Products */;
			projectDirPath = "";
			projectRoot = "";
			targets = (
				C92ACD3D1B6E41AB008D0000 /* ECApplicationSample */,
				C92ACD591B6E41AC008D0000 /* ECApplicationSampleTests */,
			);
		};
/* End PBXProject section */

/* Begin PBXResourcesBuildPhase section */
		C92ACD3C1B6E41AB008D0000 /* Resources */ = {
			isa = PBXResourcesBuildPhase;
			buildActionMask = 2147483647;
			files = (
				C92ACD501B6E41AB008D0000 /* Main.storyboard in Resources */,
				C92ACD551B6E41AB008D0000 /* LaunchScreen.xib in Resources */,
				C92ACD521B6E41AB008D0000 /* Images.xcassets in Resources */,
			);
			runOnlyForDeploymentPostprocessing = 0;
		};
		C92ACD581B6E41AC008D0000 /* Resources */ = {
			isa = PBXResourcesBuildPhase;
			buildActionMask = 2147483647;
			files = (
			);
			runOnlyForDeploymentPostprocessing = 0;
		};
/* End PBXResourcesBuildPhase section */

/* Begin PBXSourcesBuildPhase section */
		C92ACD3A1B6E41AB008D0000 /* Sources */ = {
			isa = PBXSourcesBuildPhase;
			buildActionMask = 2147483647;
			files = (
				C92ACD4A1B6E41AB008D0000 /* ECApplicationSample.xcdatamodeld in Sources */,
				C92ACD4D1B6E41AB008D0000 /* ViewController.m in Sources */,
				C92ACD8D1B6E546F008D0000 /* ECFunctionViewController.m in Sources */,
				C92ACD6D1B6E4330008D0000 /* ECAppDelegate.m in Sources */,
				C92ACD851B6E4A04008D0000 /* ECBaseTabBarViewController.m in Sources */,
				C92ACD441B6E41AB008D0000 /* main.m in Sources */,
				C92ACD881B6E4A73008D0000 /* ECRootViewController.m in Sources */,
				C92ACD7C1B6E45C2008D0000 /* ECBaseViewController.m in Sources */,
			);
			runOnlyForDeploymentPostprocessing = 0;
		};
		C92ACD561B6E41AC008D0000 /* Sources */ = {
			isa = PBXSourcesBuildPhase;
			buildActionMask = 2147483647;
			files = (
				C92ACD611B6E41AC008D0000 /* ECApplicationSampleTests.m in Sources */,
			);
			runOnlyForDeploymentPostprocessing = 0;
		};
/* End PBXSourcesBuildPhase section */

/* Begin PBXTargetDependency section */
		C92ACD5C1B6E41AC008D0000 /* PBXTargetDependency */ = {
			isa = PBXTargetDependency;
			target = C92ACD3D1B6E41AB008D0000 /* ECApplicationSample */;
			targetProxy = C92ACD5B1B6E41AC008D0000 /* PBXContainerItemProxy */;
		};
/* End PBXTargetDependency section */

/* Begin PBXVariantGroup section */
		C92ACD4E1B6E41AB008D0000 /* Main.storyboard */ = {
			isa = PBXVariantGroup;
			children = (
				C92ACD4F1B6E41AB008D0000 /* Base */,
			);
			name = Main.storyboard;
			sourceTree = "<group>";
		};
		C92ACD531B6E41AB008D0000 /* LaunchScreen.xib */ = {
			isa = PBXVariantGroup;
			children = (
				C92ACD541B6E41AB008D0000 /* Base */,
			);
			name = LaunchScreen.xib;
			sourceTree = "<group>";
		};
/* End PBXVariantGroup section */

/* Begin XCBuildConfiguration section */
		C92ACD621B6E41AC008D0000 /* Debug */ = {
			isa = XCBuildConfiguration;
			buildSettings = {
				ALWAYS_SEARCH_USER_PATHS = NO;
				CLANG_CXX_LANGUAGE_STANDARD = "gnu++0x";
				CLANG_CXX_LIBRARY = "libc++";
				CLANG_ENABLE_MODULES = YES;
				CLANG_ENABLE_OBJC_ARC = YES;
				CLANG_WARN_BOOL_CONVERSION = YES;
				CLANG_WARN_CONSTANT_CONVERSION = YES;
				CLANG_WARN_DIRECT_OBJC_ISA_USAGE = YES_ERROR;
				CLANG_WARN_EMPTY_BODY = YES;
				CLANG_WARN_ENUM_CONVERSION = YES;
				CLANG_WARN_INT_CONVERSION = YES;
				CLANG_WARN_OBJC_ROOT_CLASS = YES_ERROR;
				CLANG_WARN_UNREACHABLE_CODE = YES;
				CLANG_WARN__DUPLICATE_METHOD_MATCH = YES;
				"CODE_SIGN_IDENTITY[sdk=iphoneos*]" = "iPhone Developer";
				COPY_PHASE_STRIP = NO;
				DEBUG_INFORMATION_FORMAT = "dwarf-with-dsym";
				ENABLE_STRICT_OBJC_MSGSEND = YES;
				GCC_C_LANGUAGE_STANDARD = gnu99;
				GCC_DYNAMIC_NO_PIC = NO;
				GCC_NO_COMMON_BLOCKS = YES;
				GCC_OPTIMIZATION_LEVEL = 0;
				GCC_PREPROCESSOR_DEFINITIONS = (
					"DEBUG=1",
					"$(inherited)",
				);
				GCC_SYMBOLS_PRIVATE_EXTERN = NO;
				GCC_WARN_64_TO_32_BIT_CONVERSION = YES;
				GCC_WARN_ABOUT_RETURN_TYPE = YES_ERROR;
				GCC_WARN_UNDECLARED_SELECTOR = YES;
				GCC_WARN_UNINITIALIZED_AUTOS = YES_AGGRESSIVE;
				GCC_WARN_UNUSED_FUNCTION = YES;
				GCC_WARN_UNUSED_VARIABLE = YES;
				IPHONEOS_DEPLOYMENT_TARGET = 8.4;
				MTL_ENABLE_DEBUG_INFO = YES;
				ONLY_ACTIVE_ARCH = YES;
				SDKROOT = iphoneos;
				TARGETED_DEVICE_FAMILY = "1,2";
			};
			name = Debug;
		};
		C92ACD631B6E41AC008D0000 /* Release */ = {
			isa = XCBuildConfiguration;
			buildSettings = {
				ALWAYS_SEARCH_USER_PATHS = NO;
				CLANG_CXX_LANGUAGE_STANDARD = "gnu++0x";
				CLANG_CXX_LIBRARY = "libc++";
				CLANG_ENABLE_MODULES = YES;
				CLANG_ENABLE_OBJC_ARC = YES;
				CLANG_WARN_BOOL_CONVERSION = YES;
				CLANG_WARN_CONSTANT_CONVERSION = YES;
				CLANG_WARN_DIRECT_OBJC_ISA_USAGE = YES_ERROR;
				CLANG_WARN_EMPTY_BODY = YES;
				CLANG_WARN_ENUM_CONVERSION = YES;
				CLANG_WARN_INT_CONVERSION = YES;
				CLANG_WARN_OBJC_ROOT_CLASS = YES_ERROR;
				CLANG_WARN_UNREACHABLE_CODE = YES;
				CLANG_WARN__DUPLICATE_METHOD_MATCH = YES;
				"CODE_SIGN_IDENTITY[sdk=iphoneos*]" = "iPhone Developer";
				COPY_PHASE_STRIP = NO;
				DEBUG_INFORMATION_FORMAT = "dwarf-with-dsym";
				ENABLE_NS_ASSERTIONS = NO;
				ENABLE_STRICT_OBJC_MSGSEND = YES;
				GCC_C_LANGUAGE_STANDARD = gnu99;
				GCC_NO_COMMON_BLOCKS = YES;
				GCC_WARN_64_TO_32_BIT_CONVERSION = YES;
				GCC_WARN_ABOUT_RETURN_TYPE = YES_ERROR;
				GCC_WARN_UNDECLARED_SELECTOR = YES;
				GCC_WARN_UNINITIALIZED_AUTOS = YES_AGGRESSIVE;
				GCC_WARN_UNUSED_FUNCTION = YES;
				GCC_WARN_UNUSED_VARIABLE = YES;
				IPHONEOS_DEPLOYMENT_TARGET = 8.4;
				MTL_ENABLE_DEBUG_INFO = NO;
				SDKROOT = iphoneos;
				TARGETED_DEVICE_FAMILY = "1,2";
				VALIDATE_PRODUCT = YES;
			};
			name = Release;
		};
		C92ACD651B6E41AC008D0000 /* Debug */ = {
			isa = XCBuildConfiguration;
			buildSettings = {
				ASSETCATALOG_COMPILER_APPICON_NAME = AppIcon;
				INFOPLIST_FILE = ECApplicationSample/Info.plist;
				LD_RUNPATH_SEARCH_PATHS = "$(inherited) @executable_path/Frameworks";
				PRODUCT_NAME = "$(TARGET_NAME)";
			};
			name = Debug;
		};
		C92ACD661B6E41AC008D0000 /* Release */ = {
			isa = XCBuildConfiguration;
			buildSettings = {
				ASSETCATALOG_COMPILER_APPICON_NAME = AppIcon;
				INFOPLIST_FILE = ECApplicationSample/Info.plist;
				LD_RUNPATH_SEARCH_PATHS = "$(inherited) @executable_path/Frameworks";
				PRODUCT_NAME = "$(TARGET_NAME)";
			};
			name = Release;
		};
		C92ACD681B6E41AC008D0000 /* Debug */ = {
			isa = XCBuildConfiguration;
			buildSettings = {
				BUNDLE_LOADER = "$(TEST_HOST)";
				FRAMEWORK_SEARCH_PATHS = (
					"$(SDKROOT)/Developer/Library/Frameworks",
					"$(inherited)",
				);
				GCC_PREPROCESSOR_DEFINITIONS = (
					"DEBUG=1",
					"$(inherited)",
				);
				INFOPLIST_FILE = ECApplicationSampleTests/Info.plist;
				LD_RUNPATH_SEARCH_PATHS = "$(inherited) @executable_path/Frameworks @loader_path/Frameworks";
				PRODUCT_NAME = "$(TARGET_NAME)";
				TEST_HOST = "$(BUILT_PRODUCTS_DIR)/ECApplicationSample.app/ECApplicationSample";
			};
			name = Debug;
		};
		C92ACD691B6E41AC008D0000 /* Release */ = {
			isa = XCBuildConfiguration;
			buildSettings = {
				BUNDLE_LOADER = "$(TEST_HOST)";
				FRAMEWORK_SEARCH_PATHS = (
					"$(SDKROOT)/Developer/Library/Frameworks",
					"$(inherited)",
				);
				INFOPLIST_FILE = ECApplicationSampleTests/Info.plist;
				LD_RUNPATH_SEARCH_PATHS = "$(inherited) @executable_path/Frameworks @loader_path/Frameworks";
				PRODUCT_NAME = "$(TARGET_NAME)";
				TEST_HOST = "$(BUILT_PRODUCTS_DIR)/ECApplicationSample.app/ECApplicationSample";
			};
			name = Release;
		};
/* End XCBuildConfiguration section */

/* Begin XCConfigurationList section */
		C92ACD391B6E41AB008D0000 /* Build configuration list for PBXProject "ECApplicationSample" */ = {
			isa = XCConfigurationList;
			buildConfigurations = (
				C92ACD621B6E41AC008D0000 /* Debug */,
				C92ACD631B6E41AC008D0000 /* Release */,
			);
			defaultConfigurationIsVisible = 0;
			defaultConfigurationName = Release;
		};
		C92ACD641B6E41AC008D0000 /* Build configuration list for PBXNativeTarget "ECApplicationSample" */ = {
			isa = XCConfigurationList;
			buildConfigurations = (
				C92ACD651B6E41AC008D0000 /* Debug */,
				C92ACD661B6E41AC008D0000 /* Release */,
			);
			defaultConfigurationIsVisible = 0;
		};
		C92ACD671B6E41AC008D0000 /* Build configuration list for PBXNativeTarget "ECApplicationSampleTests" */ = {
			isa = XCConfigurationList;
			buildConfigurations = (
				C92ACD681B6E41AC008D0000 /* Debug */,
				C92ACD691B6E41AC008D0000 /* Release */,
			);
			defaultConfigurationIsVisible = 0;
		};
/* End XCConfigurationList section */

/* Begin XCVersionGroup section */
		C92ACD481B6E41AB008D0000 /* ECApplicationSample.xcdatamodeld */ = {
			isa = XCVersionGroup;
			children = (
				C92ACD491B6E41AB008D0000 /* ECApplicationSample.xcdatamodel */,
			);
			currentVersion = C92ACD491B6E41AB008D0000 /* ECApplicationSample.xcdatamodel */;
			path = ECApplicationSample.xcdatamodeld;
			sourceTree = "<group>";
			versionGroupType = wrapper.xcdatamodel;
		};
/* End XCVersionGroup section */
	};
	rootObject = C92ACD361B6E41AB008D0000 /* Project object */;
}
